
Microsoft Visual Studio Solution File, Format Version 12.00
# Visual Studio 14
VisualStudioVersion = 14.0.25420.1
MinimumVisualStudioVersion = 10.0.40219.1
Project("{FAE04EC0-301F-11D3-BF4B-00C04F79EFBC}") = "Menu Inicio", "CrearBandas\Menu Inicio.csproj", "{2304A1B3-4B25-41C3-ACB1-E86D55101C42}"
EndProject
Project("{FAE04EC0-301F-11D3-BF4B-00C04F79EFBC}") = "BibliotecaClases", "BibliotecaClases\BibliotecaClases.csproj", "{D0ED2581-1938-4CD2-81B8-7E656BC53798}"
EndProject
Global
	GlobalSection(SolutionConfigurationPlatforms) = preSolution
		Debug|Any CPU = Debug|Any CPU
		Release|Any CPU = Release|Any CPU
	EndGlobalSection
	GlobalSection(ProjectConfigurationPlatforms) = postSolution
		{2304A1B3-4B25-41C3-ACB1-E86D55101C42}.Debug|Any CPU.ActiveCfg = Debug|Any CPU
		{2304A1B3-4B25-41C3-ACB1-E86D55101C42}.Debug|Any CPU.Build.0 = Debug|Any CPU
		{2304A1B3-4B25-41C3-ACB1-E86D55101C42}.Release|Any CPU.ActiveCfg = Release|Any CPU
		{2304A1B3-4B25-41C3-ACB1-E86D55101C42}.Release|Any CPU.Build.0 = Release|Any CPU
		{D0ED2581-1938-4CD2-81B8-7E656BC53798}.Debug|Any CPU.ActiveCfg = Debug|Any CPU
		{D0ED2581-1938-4CD2-81B8-7E656BC53798}.Debug|Any CPU.Build.0 = Debug|Any CPU
		{D0ED2581-1938-4CD2-81B8-7E656BC53798}.Release|Any CPU.ActiveCfg = Release|Any CPU
		{D0ED2581-1938-4CD2-81B8-7E656BC53798}.Release|Any CPU.Build.0 = Release|Any CPU
	EndGlobalSection
	GlobalSection(SolutionProperties) = preSolution
		HideSolutionNode = FALSE
	EndGlobalSection
EndGlobal
